
Microsoft Visual Studio Solution File, Format Version 12.00
# Visual Studio 14
VisualStudioVersion = 14.0.25123.0
MinimumVisualStudioVersion = 10.0.40219.1
Project("{FAE04EC0-301F-11D3-BF4B-00C04F79EFBC}") = "ClassLibrary1", "ClassLibrary1\ClassLibrary1.csproj", "{A28976ED-B022-4A53-AEF5-4DFFAE82BDFA}"
EndProject
Project("{FAE04EC0-301F-11D3-BF4B-00C04F79EFBC}") = "JExe.Test", "JExe.Test\JExe.Test.csproj", "{1994ACB3-67A4-4F18-9E75-7D4646066407}"
EndProject
Project("{FAE04EC0-301F-11D3-BF4B-00C04F79EFBC}") = "FirstDbTest", "FirstDbTest\FirstDbTest.csproj", "{8443C90A-66B3-463C-A60F-E6D7FF46F7F7}"
EndProject
Project("{FAE04EC0-301F-11D3-BF4B-00C04F79EFBC}") = "WebServiceSample", "WebServiceSample\WebServiceSample.csproj", "{2632C09E-D8FE-4D8A-8606-60DB34558130}"
EndProject
Project("{FAE04EC0-301F-11D3-BF4B-00C04F79EFBC}") = "WindowsFormsClient", "WindowsFormsClient\WindowsFormsClient.csproj", "{F27EEE0A-5D7B-4764-84FE-9BE0BA92087E}"
	ProjectSection(ProjectDependencies) = postProject
		{2632C09E-D8FE-4D8A-8606-60DB34558130} = {2632C09E-D8FE-4D8A-8606-60DB34558130}
	EndProjectSection
EndProject
Project("{FAE04EC0-301F-11D3-BF4B-00C04F79EFBC}") = "ASPNETClient", "ASPNETClient\ASPNETClient.csproj", "{6207E7F2-1FD5-4566-A067-8ADAC5885288}"
EndProject
Project("{FAE04EC0-301F-11D3-BF4B-00C04F79EFBC}") = "ImgDownload", "ImgDownload\ImgDownload.csproj", "{3FE1BE03-282C-4FE6-A18E-BAAFEAF81A89}"
EndProject
Global
	GlobalSection(SolutionConfigurationPlatforms) = preSolution
		Debug|Any CPU = Debug|Any CPU
		Release|Any CPU = Release|Any CPU
	EndGlobalSection
	GlobalSection(ProjectConfigurationPlatforms) = postSolution
		{A28976ED-B022-4A53-AEF5-4DFFAE82BDFA}.Debug|Any CPU.ActiveCfg = Debug|Any CPU
		{A28976ED-B022-4A53-AEF5-4DFFAE82BDFA}.Debug|Any CPU.Build.0 = Debug|Any CPU
		{A28976ED-B022-4A53-AEF5-4DFFAE82BDFA}.Release|Any CPU.ActiveCfg = Release|Any CPU
		{A28976ED-B022-4A53-AEF5-4DFFAE82BDFA}.Release|Any CPU.Build.0 = Release|Any CPU
		{1994ACB3-67A4-4F18-9E75-7D4646066407}.Debug|Any CPU.ActiveCfg = Debug|Any CPU
		{1994ACB3-67A4-4F18-9E75-7D4646066407}.Debug|Any CPU.Build.0 = Debug|Any CPU
		{1994ACB3-67A4-4F18-9E75-7D4646066407}.Release|Any CPU.ActiveCfg = Release|Any CPU
		{1994ACB3-67A4-4F18-9E75-7D4646066407}.Release|Any CPU.Build.0 = Release|Any CPU
		{8443C90A-66B3-463C-A60F-E6D7FF46F7F7}.Debug|Any CPU.ActiveCfg = Debug|Any CPU
		{8443C90A-66B3-463C-A60F-E6D7FF46F7F7}.Debug|Any CPU.Build.0 = Debug|Any CPU
		{8443C90A-66B3-463C-A60F-E6D7FF46F7F7}.Release|Any CPU.ActiveCfg = Release|Any CPU
		{8443C90A-66B3-463C-A60F-E6D7FF46F7F7}.Release|Any CPU.Build.0 = Release|Any CPU
		{2632C09E-D8FE-4D8A-8606-60DB34558130}.Debug|Any CPU.ActiveCfg = Debug|Any CPU
		{2632C09E-D8FE-4D8A-8606-60DB34558130}.Debug|Any CPU.Build.0 = Debug|Any CPU
		{2632C09E-D8FE-4D8A-8606-60DB34558130}.Release|Any CPU.ActiveCfg = Release|Any CPU
		{2632C09E-D8FE-4D8A-8606-60DB34558130}.Release|Any CPU.Build.0 = Release|Any CPU
		{F27EEE0A-5D7B-4764-84FE-9BE0BA92087E}.Debug|Any CPU.ActiveCfg = Debug|Any CPU
		{F27EEE0A-5D7B-4764-84FE-9BE0BA92087E}.Debug|Any CPU.Build.0 = Debug|Any CPU
		{F27EEE0A-5D7B-4764-84FE-9BE0BA92087E}.Release|Any CPU.ActiveCfg = Release|Any CPU
		{F27EEE0A-5D7B-4764-84FE-9BE0BA92087E}.Release|Any CPU.Build.0 = Release|Any CPU
		{6207E7F2-1FD5-4566-A067-8ADAC5885288}.Debug|Any CPU.ActiveCfg = Debug|Any CPU
		{6207E7F2-1FD5-4566-A067-8ADAC5885288}.Debug|Any CPU.Build.0 = Debug|Any CPU
		{6207E7F2-1FD5-4566-A067-8ADAC5885288}.Release|Any CPU.ActiveCfg = Release|Any CPU
		{6207E7F2-1FD5-4566-A067-8ADAC5885288}.Release|Any CPU.Build.0 = Release|Any CPU
		{3FE1BE03-282C-4FE6-A18E-BAAFEAF81A89}.Debug|Any CPU.ActiveCfg = Debug|Any CPU
		{3FE1BE03-282C-4FE6-A18E-BAAFEAF81A89}.Debug|Any CPU.Build.0 = Debug|Any CPU
		{3FE1BE03-282C-4FE6-A18E-BAAFEAF81A89}.Release|Any CPU.ActiveCfg = Release|Any CPU
		{3FE1BE03-282C-4FE6-A18E-BAAFEAF81A89}.Release|Any CPU.Build.0 = Release|Any CPU
	EndGlobalSection
	GlobalSection(SolutionProperties) = preSolution
		HideSolutionNode = FALSE
	EndGlobalSection
EndGlobal
